<?xml version="1.0" encoding="utf-8"?>
<Project ToolsVersion="4.0" xmlns="http://schemas.microsoft.com/developer/msbuild/2003">
  <ItemGroup>
    <Filter Include="Source Files">
      <UniqueIdentifier>{4FC737F1-C7A5-4376-A066-2A32D752A2FF}</UniqueIdentifier>
      <Extensions>cpp;c;cc;cxx;def;odl;idl;hpj;bat;asm;asmx</Extensions>
    </Filter>
    <Filter Include="Header Files">
      <UniqueIdentifier>{93995380-89BD-4b04-88EB-625FBE52EBFB}</UniqueIdentifier>
      <Extensions>h;hh;hpp;hxx;hm;inl;inc;xsd</Extensions>
    </Filter>
    <Filter Include="Resource Files">
      <UniqueIdentifier>{D9D6E242-F8AF-46E4-B9FD-80ECBC20BA3E}</UniqueIdentifier>
      <Extensions>qrc;*</Extensions>
      <ParseFiles>false</ParseFiles>
    </Filter>
    <Filter Include="Form Files">
      <UniqueIdentifier>{99349809-55BA-4b9d-BF79-8FDBB0286EB3}</UniqueIdentifier>
      <Extensions>ui</Extensions>
    </Filter>
    <Filter Include="Resource Files">
      <UniqueIdentifier>{D9D6E242-F8AF-46E4-B9FD-80ECBC20BA3E}</UniqueIdentifier>
      <Extensions>qrc;*</Extensions>
      <ParseFiles>false</ParseFiles>
    </Filter>
    <Filter Include="Generated Files">
      <UniqueIdentifier>{71ED8ED8-ACB9-4CE9-BBE1-E00B30144E11}</UniqueIdentifier>
      <Extensions>moc;h;cpp</Extensions>
      <SourceControlFiles>False</SourceControlFiles>
    </Filter>
    <Filter Include="Header Files\Dialogs">
      <UniqueIdentifier>{462c3cd3-1b6d-4a9f-8af2-4a485cadad02}</UniqueIdentifier>
    </Filter>
    <Filter Include="Source Files\Dialogs">
      <UniqueIdentifier>{e9280daa-2a5a-450d-ab84-6c47575fb960}</UniqueIdentifier>
    </Filter>
    <Filter Include="Header Files\Components">
      <UniqueIdentifier>{68615cb8-1b22-4996-814a-1b13ea0e6332}</UniqueIdentifier>
    </Filter>
    <Filter Include="Source Files\Components">
      <UniqueIdentifier>{a5ac107b-a1ee-4aea-b642-336d446e2ca2}</UniqueIdentifier>
    </Filter>
  </ItemGroup>
  <ItemGroup>
    <ClCompile Include="main.cpp">
      <Filter>Source Files</Filter>
    </ClCompile>
    <ClCompile Include="OccView.cpp">
      <Filter>Source Files</Filter>
    </ClCompile>
    <ClCompile Include="OccMainWindow.cpp">
      <Filter>Source Files</Filter>
    </ClCompile>
    <ClCompile Include="JsonReader.cpp">
      <Filter>Source Files</Filter>
    </ClCompile>
    <ClCompile Include="Translate.cpp">
      <Filter>Source Files</Filter>
    </ClCompile>
    <ClCompile Include="RobotParaDialog.cpp">
      <Filter>Source Files\Dialogs</Filter>
    </ClCompile>
    <ClCompile Include="RobotShape.cpp">
      <Filter>Source Files</Filter>
    </ClCompile>
  </ItemGroup>
  <ItemGroup>
    <QtMoc Include="OccView.h">
      <Filter>Header Files</Filter>
    </QtMoc>
    <QtMoc Include="OccMainWindow.h">
      <Filter>Header Files</Filter>
    </QtMoc>
    <QtMoc Include="Translate.h">
      <Filter>Header Files</Filter>
    </QtMoc>
    <QtMoc Include="RobotParaDialog.h">
      <Filter>Header Files\Dialogs</Filter>
    </QtMoc>
  </ItemGroup>
  <ItemGroup>
    <QtUic Include="OccQt.ui">
      <Filter>Form Files</Filter>
    </QtUic>
    <QtUic Include="RobotParaDialog.ui">
      <Filter>Form Files</Filter>
    </QtUic>
  </ItemGroup>
  <ItemGroup>
    <QtRcc Include="MainWindow.qrc">
      <Filter>Resource Files</Filter>
    </QtRcc>
  </ItemGroup>
  <ItemGroup>
    <ClInclude Include="JsonReader.h">
      <Filter>Header Files</Filter>
    </ClInclude>
    <ClInclude Include="RobotShape.h">
      <Filter>Header Files</Filter>
    </ClInclude>
  </ItemGroup>
</Project>